// !$*UTF8*$!
{
	archiveVersion = 1;
	classes = {
	};
	objectVersion = 46;
	objects = {

/* Begin PBXBuildFile section */
		8A6600CE1EB2E6C1007A2880 /* UIViewController+Alert.swift in Sources */ = {isa = PBXBuildFile; fileRef = 8A6600CD1EB2E6C1007A2880 /* UIViewController+Alert.swift */; };
		8AA3C2181E6D3C200099B269 /* AppDelegate.swift in Sources */ = {isa = PBXBuildFile; fileRef = 8AA3C2171E6D3C200099B269 /* AppDelegate.swift */; };
		8AA3C21D1E6D3C200099B269 /* Main.storyboard in Resources */ = {isa = PBXBuildFile; fileRef = 8AA3C21B1E6D3C200099B269 /* Main.storyboard */; };
		8AA3C21F1E6D3C200099B269 /* Assets.xcassets in Resources */ = {isa = PBXBuildFile; fileRef = 8AA3C21E1E6D3C200099B269 /* Assets.xcassets */; };
		8AA3C2221E6D3C200099B269 /* LaunchScreen.storyboard in Resources */ = {isa = PBXBuildFile; fileRef = 8AA3C2201E6D3C200099B269 /* LaunchScreen.storyboard */; };
		8AA3C22C1E6D699C0099B269 /* PlaySoundsViewController.swift in Sources */ = {isa = PBXBuildFile; fileRef = 8AA3C22B1E6D699C0099B269 /* PlaySoundsViewController.swift */; };
		8AA3C22E1E6D6AD60099B269 /* RecordSoundsViewController.swift in Sources */ = {isa = PBXBuildFile; fileRef = 8AA3C22D1E6D6AD60099B269 /* RecordSoundsViewController.swift */; };
		8AA3C2301E6DEA480099B269 /* PlaySoundsViewController+Audio.swift in Sources */ = {isa = PBXBuildFile; fileRef = 8AA3C22F1E6DEA480099B269 /* PlaySoundsViewController+Audio.swift */; };
/* End PBXBuildFile section */

/* Begin PBXFileReference section */
		8A6600CD1EB2E6C1007A2880 /* UIViewController+Alert.swift */ = {isa = PBXFileReference; fileEncoding = 4; lastKnownFileType = sourcecode.swift; path = "UIViewController+Alert.swift"; sourceTree = "<group>"; };
		8AA3C2141E6D3C200099B269 /* PitchPerfect.app */ = {isa = PBXFileReference; explicitFileType = wrapper.application; includeInIndex = 0; path = PitchPerfect.app; sourceTree = BUILT_PRODUCTS_DIR; };
		8AA3C2171E6D3C200099B269 /* AppDelegate.swift */ = {isa = PBXFileReference; lastKnownFileType = sourcecode.swift; path = AppDelegate.swift; sourceTree = "<group>"; };
		8AA3C21C1E6D3C200099B269 /* Base */ = {isa = PBXFileReference; lastKnownFileType = file.storyboard; name = Base; path = Base.lproj/Main.storyboard; sourceTree = "<group>"; };
		8AA3C21E1E6D3C200099B269 /* Assets.xcassets */ = {isa = PBXFileReference; lastKnownFileType = folder.assetcatalog; path = Assets.xcassets; sourceTree = "<group>"; };
		8AA3C2211E6D3C200099B269 /* Base */ = {isa = PBXFileReference; lastKnownFileType = file.storyboard; name = Base; path = Base.lproj/LaunchScreen.storyboard; sourceTree = "<group>"; };
		8AA3C2231E6D3C200099B269 /* Info.plist */ = {isa = PBXFileReference; lastKnownFileType = text.plist.xml; path = Info.plist; sourceTree = "<group>"; };
		8AA3C22B1E6D699C0099B269 /* PlaySoundsViewController.swift */ = {isa = PBXFileReference; fileEncoding = 4; lastKnownFileType = sourcecode.swift; path = PlaySoundsViewController.swift; sourceTree = "<group>"; };
		8AA3C22D1E6D6AD60099B269 /* RecordSoundsViewController.swift */ = {isa = PBXFileReference; fileEncoding = 4; lastKnownFileType = sourcecode.swift; path = RecordSoundsViewController.swift; sourceTree = "<group>"; };
		8AA3C22F1E6DEA480099B269 /* PlaySoundsViewController+Audio.swift */ = {isa = PBXFileReference; fileEncoding = 4; lastKnownFileType = sourcecode.swift; path = "PlaySoundsViewController+Audio.swift"; sourceTree = "<group>"; };
/* End PBXFileReference section */

/* Begin PBXFrameworksBuildPhase section */
		8AA3C2111E6D3C1F0099B269 /* Frameworks */ = {
			isa = PBXFrameworksBuildPhase;
			buildActionMask = 2147483647;
			files = (
			);
			runOnlyForDeploymentPostprocessing = 0;
		};
/* End PBXFrameworksBuildPhase section */

/* Begin PBXGroup section */
		8AA3C20B1E6D3C1F0099B269 = {
			isa = PBXGroup;
			children = (
				8AA3C2161E6D3C200099B269 /* PitchPerfect */,
				8AA3C2151E6D3C200099B269 /* Products */,
			);
			sourceTree = "<group>";
		};
		8AA3C2151E6D3C200099B269 /* Products */ = {
			isa = PBXGroup;
			children = (
				8AA3C2141E6D3C200099B269 /* PitchPerfect.app */,
			);
			name = Products;
			sourceTree = "<group>";
		};
		8AA3C2161E6D3C200099B269 /* PitchPerfect */ = {
			isa = PBXGroup;
			children = (
				8AA3C22F1E6DEA480099B269 /* PlaySoundsViewController+Audio.swift */,
				8AA3C2171E6D3C200099B269 /* AppDelegate.swift */,
				8AA3C21B1E6D3C200099B269 /* Main.storyboard */,
				8AA3C21E1E6D3C200099B269 /* Assets.xcassets */,
				8AA3C2201E6D3C200099B269 /* LaunchScreen.storyboard */,
				8AA3C2231E6D3C200099B269 /* Info.plist */,
				8AA3C22B1E6D699C0099B269 /* PlaySoundsViewController.swift */,
				8AA3C22D1E6D6AD60099B269 /* RecordSoundsViewController.swift */,
				8A6600CD1EB2E6C1007A2880 /* UIViewController+Alert.swift */,
			);
			path = PitchPerfect;
			sourceTree = "<group>";
		};
/* End PBXGroup section */

/* Begin PBXNativeTarget section */
		8AA3C2131E6D3C1F0099B269 /* PitchPerfect */ = {
			isa = PBXNativeTarget;
			buildConfigurationList = 8AA3C2261E6D3C200099B269 /* Build configuration list for PBXNativeTarget "PitchPerfect" */;
			buildPhases = (
				8AA3C2101E6D3C1F0099B269 /* Sources */,
				8AA3C2111E6D3C1F0099B269 /* Frameworks */,
				8AA3C2121E6D3C1F0099B269 /* Resources */,
			);
			buildRules = (
			);
			dependencies = (
			);
			name = PitchPerfect;
			productName = PitchPerfect;
			productReference = 8AA3C2141E6D3C200099B269 /* PitchPerfect.app */;
			productType = "com.apple.product-type.application";
		};
/* End PBXNativeTarget section */

/* Begin PBXProject section */
		8AA3C20C1E6D3C1F0099B269 /* Project object */ = {
			isa = PBXProject;
			attributes = {
				LastSwiftUpdateCheck = 0800;
				LastUpgradeCheck = 0830;
				ORGANIZATIONNAME = hbzs;
				TargetAttributes = {
					8AA3C2131E6D3C1F0099B269 = {
						CreatedOnToolsVersion = 8.0;
						DevelopmentTeam = DY7D45J8B9;
						ProvisioningStyle = Automatic;
					};
				};
			};
			buildConfigurationList = 8AA3C20F1E6D3C1F0099B269 /* Build configuration list for PBXProject "PitchPerfect" */;
			compatibilityVersion = "Xcode 3.2";
			developmentRegion = English;
			hasScannedForEncodings = 0;
			knownRegions = (
				en,
				Base,
			);
			mainGroup = 8AA3C20B1E6D3C1F0099B269;
			productRefGroup = 8AA3C2151E6D3C200099B269 /* Products */;
			projectDirPath = "";
			projectRoot = "";
			targets = (
				8AA3C2131E6D3C1F0099B269 /* PitchPerfect */,
			);
		};
/* End PBXProject section */

/* Begin PBXResourcesBuildPhase section */
		8AA3C2121E6D3C1F0099B269 /* Resources */ = {
			isa = PBXResourcesBuildPhase;
			buildActionMask = 2147483647;
			files = (
				8AA3C2221E6D3C200099B269 /* LaunchScreen.storyboard in Resources */,
				8AA3C21F1E6D3C200099B269 /* Assets.xcassets in Resources */,
				8AA3C21D1E6D3C200099B269 /* Main.storyboard in Resources */,
			);
			runOnlyForDeploymentPostprocessing = 0;
		};
/* End PBXResourcesBuildPhase section */

/* Begin PBXSourcesBuildPhase section */
		8AA3C2101E6D3C1F0099B269 /* Sources */ = {
			isa = PBXSourcesBuildPhase;
			buildActionMask = 2147483647;
			files = (
				8A6600CE1EB2E6C1007A2880 /* UIViewController+Alert.swift in Sources */,
				8AA3C22E1E6D6AD60099B269 /* RecordSoundsViewController.swift in Sources */,
				8AA3C22C1E6D699C0099B269 /* PlaySoundsViewController.swift in Sources */,
				8AA3C2181E6D3C200099B269 /* AppDelegate.swift in Sources */,
				8AA3C2301E6DEA480099B269 /* PlaySoundsViewController+Audio.swift in Sources */,
			);
			runOnlyForDeploymentPostprocessing = 0;
		};
/* End PBXSourcesBuildPhase section */

/* Begin PBXVariantGroup section */
		8AA3C21B1E6D3C200099B269 /* Main.storyboard */ = {
			isa = PBXVariantGroup;
			children = (
				8AA3C21C1E6D3C200099B269 /* Base */,
			);
			name = Main.storyboard;
			sourceTree = "<group>";
		};
		8AA3C2201E6D3C200099B269 /* LaunchScreen.storyboard */ = {
			isa = PBXVariantGroup;
			children = (
				8AA3C2211E6D3C200099B269 /* Base */,
			);
			name = LaunchScreen.storyboard;
			sourceTree = "<group>";
		};
/* End PBXVariantGroup section */

/* Begin XCBuildConfiguration section */
		8AA3C2241E6D3C200099B269 /* Debug */ = {
			isa = XCBuildConfiguration;
			buildSettings = {
				ALWAYS_SEARCH_USER_PATHS = NO;
				CLANG_ANALYZER_NONNULL = YES;
				CLANG_CXX_LANGUAGE_STANDARD = "gnu++0x";
				CLANG_CXX_LIBRARY = "libc++";
				CLANG_ENABLE_MODULES = YES;
				CLANG_ENABLE_OBJC_ARC = YES;
				CLANG_WARN_BOOL_CONVERSION = YES;
				CLANG_WARN_CONSTANT_CONVERSION = YES;
				CLANG_WARN_DIRECT_OBJC_ISA_USAGE = YES_ERROR;
				CLANG_WARN_DOCUMENTATION_COMMENTS = YES;
				CLANG_WARN_EMPTY_BODY = YES;
				CLANG_WARN_ENUM_CONVERSION = YES;
				CLANG_WARN_INFINITE_RECURSION = YES;
				CLANG_WARN_INT_CONVERSION = YES;
				CLANG_WARN_OBJC_ROOT_CLASS = YES_ERROR;
				CLANG_WARN_SUSPICIOUS_MOVE = YES;
				CLANG_WARN_SUSPICIOUS_MOVES = YES;
				CLANG_WARN_UNREACHABLE_CODE = YES;
				CLANG_WARN__DUPLICATE_METHOD_MATCH = YES;
				"CODE_SIGN_IDENTITY[sdk=iphoneos*]" = "iPhone Developer";
				COPY_PHASE_STRIP = NO;
				DEBUG_INFORMATION_FORMAT = dwarf;
				ENABLE_STRICT_OBJC_MSGSEND = YES;
				ENABLE_TESTABILITY = YES;
				GCC_C_LANGUAGE_STANDARD = gnu99;
				GCC_DYNAMIC_NO_PIC = NO;
				GCC_NO_COMMON_BLOCKS = YES;
				GCC_OPTIMIZATION_LEVEL = 0;
				GCC_PREPROCESSOR_DEFINITIONS = (
					"DEBUG=1",
					"$(inherited)",
				);
				GCC_WARN_64_TO_32_BIT_CONVERSION = YES;
				GCC_WARN_ABOUT_RETURN_TYPE = YES_ERROR;
				GCC_WARN_UNDECLARED_SELECTOR = YES;
				GCC_WARN_UNINITIALIZED_AUTOS = YES_AGGRESSIVE;
				GCC_WARN_UNUSED_FUNCTION = YES;
				GCC_WARN_UNUSED_VARIABLE = YES;
				IPHONEOS_DEPLOYMENT_TARGET = 10.0;
				MTL_ENABLE_DEBUG_INFO = YES;
				ONLY_ACTIVE_ARCH = YES;
				SDKROOT = iphoneos;
				SWIFT_ACTIVE_COMPILATION_CONDITIONS = DEBUG;
				SWIFT_OPTIMIZATION_LEVEL = "-Onone";
				TARGETED_DEVICE_FAMILY = "1,2";
			};
			name = Debug;
		};
		8AA3C2251E6D3C200099B269 /* Release */ = {
			isa = XCBuildConfiguration;
			buildSettings = {
				ALWAYS_SEARCH_USER_PATHS = NO;
				CLANG_ANALYZER_NONNULL = YES;
				CLANG_CXX_LANGUAGE_STANDARD = "gnu++0x";
				CLANG_CXX_LIBRARY = "libc++";
				CLANG_ENABLE_MODULES = YES;
				CLANG_ENABLE_OBJC_ARC = YES;
				CLANG_WARN_BOOL_CONVERSION = YES;
				CLANG_WARN_CONSTANT_CONVERSION = YES;
				CLANG_WARN_DIRECT_OBJC_ISA_USAGE = YES_ERROR;
				CLANG_WARN_DOCUMENTATION_COMMENTS = YES;
				CLANG_WARN_EMPTY_BODY = YES;
				CLANG_WARN_ENUM_CONVERSION = YES;
				CLANG_WARN_INFINITE_RECURSION = YES;
				CLANG_WARN_INT_CONVERSION = YES;
				CLANG_WARN_OBJC_ROOT_CLASS = YES_ERROR;
				CLANG_WARN_SUSPICIOUS_MOVE = YES;
				CLANG_WARN_SUSPICIOUS_MOVES = YES;
				CLANG_WARN_UNREACHABLE_CODE = YES;
				CLANG_WARN__DUPLICATE_METHOD_MATCH = YES;
				"CODE_SIGN_IDENTITY[sdk=iphoneos*]" = "iPhone Developer";
				COPY_PHASE_STRIP = NO;
				DEBUG_INFORMATION_FORMAT = "dwarf-with-dsym";
				ENABLE_NS_ASSERTIONS = NO;
				ENABLE_STRICT_OBJC_MSGSEND = YES;
				GCC_C_LANGUAGE_STANDARD = gnu99;
				GCC_NO_COMMON_BLOCKS = YES;
				GCC_WARN_64_TO_32_BIT_CONVERSION = YES;
				GCC_WARN_ABOUT_RETURN_TYPE = YES_ERROR;
				GCC_WARN_UNDECLARED_SELECTOR = YES;
				GCC_WARN_UNINITIALIZED_AUTOS = YES_AGGRESSIVE;
				GCC_WARN_UNUSED_FUNCTION = YES;
				GCC_WARN_UNUSED_VARIABLE = YES;
				IPHONEOS_DEPLOYMENT_TARGET = 10.0;
				MTL_ENABLE_DEBUG_INFO = NO;
				SDKROOT = iphoneos;
				SWIFT_OPTIMIZATION_LEVEL = "-Owholemodule";
				TARGETED_DEVICE_FAMILY = "1,2";
				VALIDATE_PRODUCT = YES;
			};
			name = Release;
		};
		8AA3C2271E6D3C200099B269 /* Debug */ = {
			isa = XCBuildConfiguration;
			buildSettings = {
				ASSETCATALOG_COMPILER_APPICON_NAME = AppIcon;
				DEVELOPMENT_TEAM = DY7D45J8B9;
				INFOPLIST_FILE = PitchPerfect/Info.plist;
				LD_RUNPATH_SEARCH_PATHS = "$(inherited) @executable_path/Frameworks";
				PRODUCT_BUNDLE_IDENTIFIER = com.hbzshome.PitchPerfect;
				PRODUCT_NAME = "$(TARGET_NAME)";
				SWIFT_VERSION = 3.0;
			};
			name = Debug;
		};
		8AA3C2281E6D3C200099B269 /* Release */ = {
			isa = XCBuildConfiguration;
			buildSettings = {
				ASSETCATALOG_COMPILER_APPICON_NAME = AppIcon;
				DEVELOPMENT_TEAM = DY7D45J8B9;
				INFOPLIST_FILE = PitchPerfect/Info.plist;
				LD_RUNPATH_SEARCH_PATHS = "$(inherited) @executable_path/Frameworks";
				PRODUCT_BUNDLE_IDENTIFIER = com.hbzshome.PitchPerfect;
				PRODUCT_NAME = "$(TARGET_NAME)";
				SWIFT_VERSION = 3.0;
			};
			name = Release;
		};
/* End XCBuildConfiguration section */

/* Begin XCConfigurationList section */
		8AA3C20F1E6D3C1F0099B269 /* Build configuration list for PBXProject "PitchPerfect" */ = {
			isa = XCConfigurationList;
			buildConfigurations = (
				8AA3C2241E6D3C200099B269 /* Debug */,
				8AA3C2251E6D3C200099B269 /* Release */,
			);
			defaultConfigurationIsVisible = 0;
			defaultConfigurationName = Release;
		};
		8AA3C2261E6D3C200099B269 /* Build configuration list for PBXNativeTarget "PitchPerfect" */ = {
			isa = XCConfigurationList;
			buildConfigurations = (
				8AA3C2271E6D3C200099B269 /* Debug */,
				8AA3C2281E6D3C200099B269 /* Release */,
			);
			defaultConfigurationIsVisible = 0;
			defaultConfigurationName = Release;
		};
/* End XCConfigurationList section */
	};
	rootObject = 8AA3C20C1E6D3C1F0099B269 /* Project object */;
}
